{
  "lockfileVersion": 1,
  "configVersion": 1,
  "workspaces": {
    "": {
      "name": "totemora",
      "devDependencies": {
        "typescript": "^6.0.3",
      },
    },
    "packages/core": {
      "name": "@totemora/core",
      "version": "0.0.0",
    },
    "packages/providers": {
      "name": "@totemora/providers",
      "version": "0.0.0",
    },
    "packages/server": {
      "name": "@totemora/server",
      "version": "0.0.0",
    },
    "packages/tui": {
      "name": "@totemora/tui",
      "version": "0.0.0",
    },
    "packages/web": {
      "name": "@totemora/web",
      "version": "0.0.0",
    },
  },
  "packages": {
    "@totemora/core": ["@totemora/core@workspace:packages/core"],

    "@totemora/providers": ["@totemora/providers@workspace:packages/providers"],

    "@totemora/server": ["@totemora/server@workspace:packages/server"],

    "@totemora/tui": ["@totemora/tui@workspace:packages/tui"],

    "@totemora/web": ["@totemora/web@workspace:packages/web"],

    "typescript": ["typescript@6.0.3", "https://registry.npmmirror.com/typescript/-/typescript-6.0.3.tgz", { "bin": { "tsc": "bin/tsc", "tsserver": "bin/tsserver" } }, "sha512-y2TvuxSZPDyQakkFRPZHKFm+KKVqIisdg9/CZwm9ftvKXLP8NRWj38/ODjNbr43SsoXqNuAisEf1GdCxqWcdBw=="],
  }
}
